
Microsoft Visual Studio Solution File, Format Version 12.00
# Visual Studio Version 16
VisualStudioVersion = 16.0.29609.76
MinimumVisualStudioVersion = 10.0.40219.1
Project("{FAE04EC0-301F-11D3-BF4B-00C04F79EFBC}") = "DVDRentalSystem", "DVDRentalSystem\DVDRentalSystem.csproj", "{54F37101-8600-41F1-AA39-CD8303B1FBFC}"
EndProject
Global
	GlobalSection(SolutionConfigurationPlatforms) = preSolution
		Debug|Any CPU = Debug|Any CPU
		Release|Any CPU = Release|Any CPU
	EndGlobalSection
	GlobalSection(ProjectConfigurationPlatforms) = postSolution
		{54F37101-8600-41F1-AA39-CD8303B1FBFC}.Debug|Any CPU.ActiveCfg = Debug|Any CPU
		{54F37101-8600-41F1-AA39-CD8303B1FBFC}.Debug|Any CPU.Build.0 = Debug|Any CPU
		{54F37101-8600-41F1-AA39-CD8303B1FBFC}.Release|Any CPU.ActiveCfg = Release|Any CPU
		{54F37101-8600-41F1-AA39-CD8303B1FBFC}.Release|Any CPU.Build.0 = Release|Any CPU
	EndGlobalSection
	GlobalSection(SolutionProperties) = preSolution
		HideSolutionNode = FALSE
	EndGlobalSection
	GlobalSection(ExtensibilityGlobals) = postSolution
		SolutionGuid = {55C4A1EC-C332-40E9-A529-5D336B58FA21}
	EndGlobalSection
EndGlobal
